
Microsoft Visual Studio Solution File, Format Version 12.00
# Visual Studio Version 17
VisualStudioVersion = 17.6.33723.286
MinimumVisualStudioVersion = 10.0.40219.1
Project("{FAE04EC0-301F-11D3-BF4B-00C04F79EFBC}") = "MinimalMVC", "MinimalMVC\MinimalMVC.csproj", "{5FDF151D-3903-45A0-8A7A-2D9A15174A6B}"
EndProject
Global
	GlobalSection(SolutionConfigurationPlatforms) = preSolution
		Debug|Any CPU = Debug|Any CPU
		Release|Any CPU = Release|Any CPU
	EndGlobalSection
	GlobalSection(ProjectConfigurationPlatforms) = postSolution
		{5FDF151D-3903-45A0-8A7A-2D9A15174A6B}.Debug|Any CPU.ActiveCfg = Debug|Any CPU
		{5FDF151D-3903-45A0-8A7A-2D9A15174A6B}.Debug|Any CPU.Build.0 = Debug|Any CPU
		{5FDF151D-3903-45A0-8A7A-2D9A15174A6B}.Release|Any CPU.ActiveCfg = Release|Any CPU
		{5FDF151D-3903-45A0-8A7A-2D9A15174A6B}.Release|Any CPU.Build.0 = Release|Any CPU
	EndGlobalSection
	GlobalSection(SolutionProperties) = preSolution
		HideSolutionNode = FALSE
	EndGlobalSection
	GlobalSection(ExtensibilityGlobals) = postSolution
		SolutionGuid = {ED2226C0-FA9A-4705-A770-B169D45608C1}
	EndGlobalSection
EndGlobal
