
Microsoft Visual Studio Solution File, Format Version 12.00
# Visual Studio Version 17
VisualStudioVersion = 17.7.33920.267
MinimumVisualStudioVersion = 10.0.40219.1
Project("{9A19103F-16F7-4668-BE54-9A1E7A4F7556}") = "CommonScenarios", "CommonScenarios\CommonScenarios.csproj", "{DB8BE102-68DC-4395-B824-C527E222AC4E}"
EndProject
Project("{9A19103F-16F7-4668-BE54-9A1E7A4F7556}") = "OptionsConfiguration", "OptionsConfiguration\OptionsConfiguration.csproj", "{4FB3F4EA-7C97-4728-8184-660402B611A7}"
EndProject
Project("{FAE04EC0-301F-11D3-BF4B-00C04F79EFBC}") = "OptionsValidationFluentValidation", "OptionsValidationFluentValidation\OptionsValidationFluentValidation.csproj", "{C71EB52B-990A-4379-BB4D-C593E5AEA4C2}"
EndProject
Global
	GlobalSection(SolutionConfigurationPlatforms) = preSolution
		Debug|Any CPU = Debug|Any CPU
		Release|Any CPU = Release|Any CPU
	EndGlobalSection
	GlobalSection(ProjectConfigurationPlatforms) = postSolution
		{DB8BE102-68DC-4395-B824-C527E222AC4E}.Debug|Any CPU.ActiveCfg = Debug|Any CPU
		{DB8BE102-68DC-4395-B824-C527E222AC4E}.Debug|Any CPU.Build.0 = Debug|Any CPU
		{DB8BE102-68DC-4395-B824-C527E222AC4E}.Release|Any CPU.ActiveCfg = Release|Any CPU
		{DB8BE102-68DC-4395-B824-C527E222AC4E}.Release|Any CPU.Build.0 = Release|Any CPU
		{4FB3F4EA-7C97-4728-8184-660402B611A7}.Debug|Any CPU.ActiveCfg = Debug|Any CPU
		{4FB3F4EA-7C97-4728-8184-660402B611A7}.Debug|Any CPU.Build.0 = Debug|Any CPU
		{4FB3F4EA-7C97-4728-8184-660402B611A7}.Release|Any CPU.ActiveCfg = Release|Any CPU
		{4FB3F4EA-7C97-4728-8184-660402B611A7}.Release|Any CPU.Build.0 = Release|Any CPU
		{C71EB52B-990A-4379-BB4D-C593E5AEA4C2}.Debug|Any CPU.ActiveCfg = Debug|Any CPU
		{C71EB52B-990A-4379-BB4D-C593E5AEA4C2}.Debug|Any CPU.Build.0 = Debug|Any CPU
		{C71EB52B-990A-4379-BB4D-C593E5AEA4C2}.Release|Any CPU.ActiveCfg = Release|Any CPU
		{C71EB52B-990A-4379-BB4D-C593E5AEA4C2}.Release|Any CPU.Build.0 = Release|Any CPU
	EndGlobalSection
	GlobalSection(SolutionProperties) = preSolution
		HideSolutionNode = FALSE
	EndGlobalSection
	GlobalSection(ExtensibilityGlobals) = postSolution
		SolutionGuid = {E51AB472-DB48-4D3D-B474-E721757E3762}
	EndGlobalSection
EndGlobal
