
Microsoft Visual Studio Solution File, Format Version 12.00
# Visual Studio Version 17
VisualStudioVersion = 17.7.33920.267
MinimumVisualStudioVersion = 10.0.40219.1
Project("{9A19103F-16F7-4668-BE54-9A1E7A4F7556}") = "DependencyInjection", "DependencyInjection\DependencyInjection.csproj", "{C1D89995-AD06-4F1E-9E77-D2A347847CC0}"
EndProject
Project("{9A19103F-16F7-4668-BE54-9A1E7A4F7556}") = "DependencyInjectionTest", "DependencyInjectionTest\DependencyInjectionTest.csproj", "{CD4D87B7-DFEB-4F28-A2BD-4DE6DAF701FC}"
EndProject
Project("{9A19103F-16F7-4668-BE54-9A1E7A4F7556}") = "Shared", "Shared\Shared.csproj", "{AC57628F-1594-40E7-BE33-14894679A49F}"
EndProject
Project("{9A19103F-16F7-4668-BE54-9A1E7A4F7556}") = "StrategyProject", "StrategyProject\StrategyProject.csproj", "{D92C3233-7D5F-4B5C-83F3-CE58992107C4}"
EndProject
Project("{FAE04EC0-301F-11D3-BF4B-00C04F79EFBC}") = "StrategyTest", "StrategyTest\StrategyTest.csproj", "{8A3E6391-72ED-46C3-92E5-C6396E822DA3}"
EndProject
Global
	GlobalSection(SolutionConfigurationPlatforms) = preSolution
		Debug|Any CPU = Debug|Any CPU
		Release|Any CPU = Release|Any CPU
	EndGlobalSection
	GlobalSection(ProjectConfigurationPlatforms) = postSolution
		{C1D89995-AD06-4F1E-9E77-D2A347847CC0}.Debug|Any CPU.ActiveCfg = Debug|Any CPU
		{C1D89995-AD06-4F1E-9E77-D2A347847CC0}.Debug|Any CPU.Build.0 = Debug|Any CPU
		{C1D89995-AD06-4F1E-9E77-D2A347847CC0}.Release|Any CPU.ActiveCfg = Release|Any CPU
		{C1D89995-AD06-4F1E-9E77-D2A347847CC0}.Release|Any CPU.Build.0 = Release|Any CPU
		{CD4D87B7-DFEB-4F28-A2BD-4DE6DAF701FC}.Debug|Any CPU.ActiveCfg = Debug|Any CPU
		{CD4D87B7-DFEB-4F28-A2BD-4DE6DAF701FC}.Debug|Any CPU.Build.0 = Debug|Any CPU
		{CD4D87B7-DFEB-4F28-A2BD-4DE6DAF701FC}.Release|Any CPU.ActiveCfg = Release|Any CPU
		{CD4D87B7-DFEB-4F28-A2BD-4DE6DAF701FC}.Release|Any CPU.Build.0 = Release|Any CPU
		{AC57628F-1594-40E7-BE33-14894679A49F}.Debug|Any CPU.ActiveCfg = Debug|Any CPU
		{AC57628F-1594-40E7-BE33-14894679A49F}.Debug|Any CPU.Build.0 = Debug|Any CPU
		{AC57628F-1594-40E7-BE33-14894679A49F}.Release|Any CPU.ActiveCfg = Release|Any CPU
		{AC57628F-1594-40E7-BE33-14894679A49F}.Release|Any CPU.Build.0 = Release|Any CPU
		{D92C3233-7D5F-4B5C-83F3-CE58992107C4}.Debug|Any CPU.ActiveCfg = Debug|Any CPU
		{D92C3233-7D5F-4B5C-83F3-CE58992107C4}.Debug|Any CPU.Build.0 = Debug|Any CPU
		{D92C3233-7D5F-4B5C-83F3-CE58992107C4}.Release|Any CPU.ActiveCfg = Release|Any CPU
		{D92C3233-7D5F-4B5C-83F3-CE58992107C4}.Release|Any CPU.Build.0 = Release|Any CPU
		{8A3E6391-72ED-46C3-92E5-C6396E822DA3}.Debug|Any CPU.ActiveCfg = Debug|Any CPU
		{8A3E6391-72ED-46C3-92E5-C6396E822DA3}.Debug|Any CPU.Build.0 = Debug|Any CPU
		{8A3E6391-72ED-46C3-92E5-C6396E822DA3}.Release|Any CPU.ActiveCfg = Release|Any CPU
		{8A3E6391-72ED-46C3-92E5-C6396E822DA3}.Release|Any CPU.Build.0 = Release|Any CPU
	EndGlobalSection
	GlobalSection(SolutionProperties) = preSolution
		HideSolutionNode = FALSE
	EndGlobalSection
	GlobalSection(ExtensibilityGlobals) = postSolution
		SolutionGuid = {AE7F1831-6384-4827-8F6A-3333C292AE37}
	EndGlobalSection
EndGlobal
