
Microsoft Visual Studio Solution File, Format Version 12.00
# Visual Studio Version 17
VisualStudioVersion = 17.7.33920.267
MinimumVisualStudioVersion = 10.0.40219.1
Project("{FAE04EC0-301F-11D3-BF4B-00C04F79EFBC}") = "Mediator", "Mediator\Mediator.csproj", "{041DF8F9-BE3F-44FE-88E9-16B05052F926}"
EndProject
Project("{FAE04EC0-301F-11D3-BF4B-00C04F79EFBC}") = "MediatorTest", "MediatorTest\MediatorTest.csproj", "{0E8F272E-0623-41A7-8D1A-5BF34576883D}"
EndProject
Project("{FAE04EC0-301F-11D3-BF4B-00C04F79EFBC}") = "MediatorConsole", "MediatorConsole\MediatorConsole.csproj", "{21F18500-BA13-45D3-B323-7069956CA807}"
EndProject
Global
	GlobalSection(SolutionConfigurationPlatforms) = preSolution
		Debug|Any CPU = Debug|Any CPU
		Release|Any CPU = Release|Any CPU
	EndGlobalSection
	GlobalSection(ProjectConfigurationPlatforms) = postSolution
		{041DF8F9-BE3F-44FE-88E9-16B05052F926}.Debug|Any CPU.ActiveCfg = Debug|Any CPU
		{041DF8F9-BE3F-44FE-88E9-16B05052F926}.Debug|Any CPU.Build.0 = Debug|Any CPU
		{041DF8F9-BE3F-44FE-88E9-16B05052F926}.Release|Any CPU.ActiveCfg = Release|Any CPU
		{041DF8F9-BE3F-44FE-88E9-16B05052F926}.Release|Any CPU.Build.0 = Release|Any CPU
		{0E8F272E-0623-41A7-8D1A-5BF34576883D}.Debug|Any CPU.ActiveCfg = Debug|Any CPU
		{0E8F272E-0623-41A7-8D1A-5BF34576883D}.Debug|Any CPU.Build.0 = Debug|Any CPU
		{0E8F272E-0623-41A7-8D1A-5BF34576883D}.Release|Any CPU.ActiveCfg = Release|Any CPU
		{0E8F272E-0623-41A7-8D1A-5BF34576883D}.Release|Any CPU.Build.0 = Release|Any CPU
		{21F18500-BA13-45D3-B323-7069956CA807}.Debug|Any CPU.ActiveCfg = Debug|Any CPU
		{21F18500-BA13-45D3-B323-7069956CA807}.Debug|Any CPU.Build.0 = Debug|Any CPU
		{21F18500-BA13-45D3-B323-7069956CA807}.Release|Any CPU.ActiveCfg = Release|Any CPU
		{21F18500-BA13-45D3-B323-7069956CA807}.Release|Any CPU.Build.0 = Release|Any CPU
	EndGlobalSection
	GlobalSection(SolutionProperties) = preSolution
		HideSolutionNode = FALSE
	EndGlobalSection
	GlobalSection(ExtensibilityGlobals) = postSolution
		SolutionGuid = {9AD0E387-A2E3-4672-B842-8A0585604EAA}
	EndGlobalSection
EndGlobal
